dependencies:
- name: aws-ebs-csi-driver
  repository: https://kubernetes-sigs.github.io/aws-ebs-csi-driver
  version: 2.27.0
- name: aws-efs-csi-driver
  repository: https://kubernetes-sigs.github.io/aws-efs-csi-driver
  version: 2.5.5
- name: aws-load-balancer-controller
  repository: https://aws.github.io/eks-charts
  version: 1.7.1
digest: sha256:3a2d1c7d55156033a97bd196571a9cb9b8ffb5d5b4b9ec40de7cdd4dc6028312
generated: "2024-02-15T14:58:27.352153+08:00"
