dependencies:
- name: aws-ebs-csi-driver
  repository: https://kubernetes-sigs.github.io/aws-ebs-csi-driver
  version: 2.27.0
- name: aws-efs-csi-driver
  repository: https://kubernetes-sigs.github.io/aws-efs-csi-driver
  version: 2.5.5
- name: aws-load-balancer-controller
  repository: https://aws.github.io/eks-charts
  version: 1.7.1
digest: sha256:d570d434004ba9f774b6b657bbccf548e1148582a7135377d1400ddf40beb409
generated: "2024-02-17T17:04:56.971697+08:00"
